# This file is automatically @generated by Cargo.
# It is not intended for manual editing.
version = 4

[[package]]
name = "ccc-abi"
version = "0.1.0"

[[package]]
name = "ccc-codegen"
version = "0.1.0"

[[package]]
name = "ccc-diag"
version = "0.1.0"
dependencies = [
 "ccc-session",
]

[[package]]
name = "ccc-driver"
version = "0.1.0"
dependencies = [
 "ccc-diag",
 "ccc-pp",
 "ccc-session",
 "ccc-syntax",
 "ccc-target",
 "object",
]

[[package]]
name = "ccc-ir"
version = "0.1.0"

[[package]]
name = "ccc-link"
version = "0.1.0"

[[package]]
name = "ccc-pp"
version = "0.1.0"
dependencies = [
 "ccc-session",
]

[[package]]
name = "ccc-sema"
version = "0.1.0"

[[package]]
name = "ccc-session"
version = "0.1.0"

[[package]]
name = "ccc-syntax"
version = "0.1.0"
dependencies = [
 "ccc-pp",
 "ccc-session",
]

[[package]]
name = "ccc-target"
version = "0.1.0"

[[package]]
name = "ccc-types"
version = "0.1.0"

[[package]]
name = "cfg-if"
version = "1.0.4"
source = "registry+https://github.com/rust-lang/crates.io-index"
checksum = "9330f8b2ff13f34540b44e946ef35111825727b38d33286ef986142615121801"

[[package]]
name = "crc32fast"
version = "1.5.0"
source = "registry+https://github.com/rust-lang/crates.io-index"
checksum = "9481c1c90cbf2ac953f07c8d4a58aa3945c425b7185c9154d67a65e4230da511"
dependencies = [
 "cfg-if",
]

[[package]]
name = "equivalent"
version = "1.0.2"
source = "registry+https://github.com/rust-lang/crates.io-index"
checksum = "877a4ace8713b0bcf2a4e7eec82529c029f1d0619886d18145fea96c3ffe5c0f"

[[package]]
name = "foldhash"
version = "0.2.0"
source = "registry+https://github.com/rust-lang/crates.io-index"
checksum = "77ce24cb58228fbb8aa041425bb1050850ac19177686ea6e0f41a70416f56fdb"

[[package]]
name = "hashbrown"
version = "0.16.1"
source = "registry+https://github.com/rust-lang/crates.io-index"
checksum = "841d1cc9bed7f9236f321df977030373f4a4163ae1a7dbfe1a51a2c1a51d9100"
dependencies = [
 "foldhash",
]

[[package]]
name = "hashbrown"
version = "0.17.1"
source = "registry+https://github.com/rust-lang/crates.io-index"
checksum = "ed5909b6e89a2db4456e54cd5f673791d7eca6732202bbf2a9cc504fe2f9b84a"

[[package]]
name = "indexmap"
version = "2.14.0"
source = "registry+https://github.com/rust-lang/crates.io-index"
checksum = "d466e9454f08e4a911e14806c24e16fba1b4c121d1ea474396f396069cf949d9"
dependencies = [
 "equivalent",
 "hashbrown 0.17.1",
]

[[package]]
name = "memchr"
version = "2.8.3"
source = "registry+https://github.com/rust-lang/crates.io-index"
checksum = "cf8baf1c55e62ffcace7a9f06f4bd9cd3f0c4beb022d3b367256b91b87513d98"

[[package]]
name = "object"
version = "0.39.0"
source = "registry+https://github.com/rust-lang/crates.io-index"
checksum = "63944c133d03f44e75866bbd160b95af0ec3f6a13d936d69d31c81078cbc5baf"
dependencies = [
 "crc32fast",
 "hashbrown 0.16.1",
 "indexmap",
 "memchr",
]
